
Microsoft Visual Studio Solution File, Format Version 12.00
# Visual Studio Version 16
VisualStudioVersion = 16.0.29609.76
MinimumVisualStudioVersion = 10.0.40219.1
Project("{9A19103F-16F7-4668-BE54-9A1E7A4F7556}") = "Obskurnee", "Obskurnee\Obskurnee.csproj", "{6762CA56-D57E-45A7-A8BC-FFA20346A7B1}"
EndProject
Global
	GlobalSection(SolutionConfigurationPlatforms) = preSolution
		Debug|Any CPU = Debug|Any CPU
		DemoDebug|Any CPU = DemoDebug|Any CPU
		Release|Any CPU = Release|Any CPU
		ReleaseNoNode|Any CPU = ReleaseNoNode|Any CPU
	EndGlobalSection
	GlobalSection(ProjectConfigurationPlatforms) = postSolution
		{6762CA56-D57E-45A7-A8BC-FFA20346A7B1}.Debug|Any CPU.ActiveCfg = Debug|Any CPU
		{6762CA56-D57E-45A7-A8BC-FFA20346A7B1}.Debug|Any CPU.Build.0 = Debug|Any CPU
		{6762CA56-D57E-45A7-A8BC-FFA20346A7B1}.DemoDebug|Any CPU.ActiveCfg = DemoDebug|Any CPU
		{6762CA56-D57E-45A7-A8BC-FFA20346A7B1}.DemoDebug|Any CPU.Build.0 = DemoDebug|Any CPU
		{6762CA56-D57E-45A7-A8BC-FFA20346A7B1}.Release|Any CPU.ActiveCfg = Release|Any CPU
		{6762CA56-D57E-45A7-A8BC-FFA20346A7B1}.Release|Any CPU.Build.0 = Release|Any CPU
		{6762CA56-D57E-45A7-A8BC-FFA20346A7B1}.ReleaseNoNode|Any CPU.ActiveCfg = ReleaseNoNode|Any CPU
		{6762CA56-D57E-45A7-A8BC-FFA20346A7B1}.ReleaseNoNode|Any CPU.Build.0 = ReleaseNoNode|Any CPU
	EndGlobalSection
	GlobalSection(SolutionProperties) = preSolution
		HideSolutionNode = FALSE
	EndGlobalSection
	GlobalSection(ExtensibilityGlobals) = postSolution
		SolutionGuid = {05656655-CB69-47A6-8856-84D2DF1BECEA}
	EndGlobalSection
EndGlobal
